github.com/almuhdilkarim/webdev-basic v0.0.0-20250921115319-6a79e02ed50e h1:UJisdDEDrIHKYitzbPVO8tXDF+4tT2M7y9KGvAur2JA=
github.com/almuhdilkarim/webdev-basic v0.0.0-20250921115319-6a79e02ed50e/go.mod h1:e370uCktLL1MvSj10AP8hpoS/N6YaNiAooYPBUDqP+c=
github.com/rozard-genset/corest v0.0.0-20250921232507-556937ba0a8d h1:L8LObgdrVXEV4e6pvgTIViADCZVsDotkTS2ZszFVZG8=
github.com/rozard-genset/corest v0.0.0-20250921232507-556937ba0a8d/go.mod h1:PmFYnMKkS/t6+Two/rxZh+kPOmaqZMuq1OrKbD4RA/w=
github.com/rozard-genset/course v0.0.0-20250922000105-b4ca842f57ce h1:zgzRajoTwn76sT7IkoHztTJLRZCq0tyeNmwXPnXi+AA=
github.com/rozard-genset/course v0.0.0-20250922000105-b4ca842f57ce/go.mod h1:772SeMZtqkqDhSU59h6+xqOjCadi3t+REe5TS+O0ab4=
github.com/rozard-genset/micros v0.0.0-20250922005641-13708dd21cf2 h1:IKeEmqGR6lSWavQhdQKTwVtJxeDfDCAAFGRGf0Xz7i8=
github.com/rozard-genset/micros v0.0.0-20250922005641-13708dd21cf2/go.mod h1:ibb7VwG9JYuISgp5Ilepn7p8dbjwIppaGgzd4iKKlKg=
